
Microsoft Visual Studio Solution File, Format Version 12.00
# Visual Studio 14
VisualStudioVersion = 14.0.25420.1
MinimumVisualStudioVersion = 10.0.40219.1
Project("{FAE04EC0-301F-11D3-BF4B-00C04F79EFBC}") = "ArmoApiVm", "ArmoApiVn\ArmoApiVm.csproj", "{C868C7B5-35CD-45A1-A5D1-D498868B9576}"
EndProject
Project("{54435603-DBB4-11D2-8724-00A0C9A8B90C}") = "SetupArmoApiVn2018", "ArmoApiVnSetup\ArmoApiVnSetup.vdproj", "{A77E1947-6BE3-463D-8804-6657A69661EF}"
EndProject
Project("{FAE04EC0-301F-11D3-BF4B-00C04F79EFBC}") = "CreateBeamByCad", "CreateBeamByCad\CreateBeamByCad.csproj", "{950CCF31-E25E-4DC5-9D32-BEE341627E19}"
EndProject
Project("{FAE04EC0-301F-11D3-BF4B-00C04F79EFBC}") = "Common", "Common\Common.csproj", "{0D4EE4F1-1496-49DD-A60C-E8B65189FBF4}"
EndProject
Project("{FAE04EC0-301F-11D3-BF4B-00C04F79EFBC}") = "IFCInformation", "IFCInformation\IFCInformation.csproj", "{FA837037-A69A-47C9-9531-E0BB781B3CCF}"
EndProject
Project("{FAE04EC0-301F-11D3-BF4B-00C04F79EFBC}") = "MainProject", "MainProject\MainProject.csproj", "{F2339A1B-29D3-4053-8CE8-6046FDBC968F}"
EndProject
Project("{54435603-DBB4-11D2-8724-00A0C9A8B90C}") = "SetupArmoApiVn2019", "SetupArmoApiVn2019\SetupArmoApiVn2019.vdproj", "{10DF0410-31CA-403A-B388-FC66599679B8}"
EndProject
Global
	GlobalSection(SolutionConfigurationPlatforms) = preSolution
		2019|Any CPU = 2019|Any CPU
		2019|x64 = 2019|x64
		2019|x86 = 2019|x86
		2020|Any CPU = 2020|Any CPU
		2020|x64 = 2020|x64
		2020|x86 = 2020|x86
		Debug|Any CPU = Debug|Any CPU
		Debug|x64 = Debug|x64
		Debug|x86 = Debug|x86
		Release|Any CPU = Release|Any CPU
		Release|x64 = Release|x64
		Release|x86 = Release|x86
	EndGlobalSection
	GlobalSection(ProjectConfigurationPlatforms) = postSolution
		{C868C7B5-35CD-45A1-A5D1-D498868B9576}.2019|Any CPU.ActiveCfg = 2019|Any CPU
		{C868C7B5-35CD-45A1-A5D1-D498868B9576}.2019|Any CPU.Build.0 = 2019|Any CPU
		{C868C7B5-35CD-45A1-A5D1-D498868B9576}.2019|x64.ActiveCfg = 2019|Any CPU
		{C868C7B5-35CD-45A1-A5D1-D498868B9576}.2019|x64.Build.0 = 2019|Any CPU
		{C868C7B5-35CD-45A1-A5D1-D498868B9576}.2019|x86.ActiveCfg = 2019|Any CPU
		{C868C7B5-35CD-45A1-A5D1-D498868B9576}.2019|x86.Build.0 = 2019|Any CPU
		{C868C7B5-35CD-45A1-A5D1-D498868B9576}.2020|Any CPU.ActiveCfg = 2020|Any CPU
		{C868C7B5-35CD-45A1-A5D1-D498868B9576}.2020|Any CPU.Build.0 = 2020|Any CPU
		{C868C7B5-35CD-45A1-A5D1-D498868B9576}.2020|x64.ActiveCfg = 2019|Any CPU
		{C868C7B5-35CD-45A1-A5D1-D498868B9576}.2020|x64.Build.0 = 2019|Any CPU
		{C868C7B5-35CD-45A1-A5D1-D498868B9576}.2020|x86.ActiveCfg = 2019|Any CPU
		{C868C7B5-35CD-45A1-A5D1-D498868B9576}.2020|x86.Build.0 = 2019|Any CPU
		{C868C7B5-35CD-45A1-A5D1-D498868B9576}.Debug|Any CPU.ActiveCfg = Debug|Any CPU
		{C868C7B5-35CD-45A1-A5D1-D498868B9576}.Debug|Any CPU.Build.0 = Debug|Any CPU
		{C868C7B5-35CD-45A1-A5D1-D498868B9576}.Debug|x64.ActiveCfg = Debug|Any CPU
		{C868C7B5-35CD-45A1-A5D1-D498868B9576}.Debug|x64.Build.0 = Debug|Any CPU
		{C868C7B5-35CD-45A1-A5D1-D498868B9576}.Debug|x86.ActiveCfg = Debug|Any CPU
		{C868C7B5-35CD-45A1-A5D1-D498868B9576}.Debug|x86.Build.0 = Debug|Any CPU
		{C868C7B5-35CD-45A1-A5D1-D498868B9576}.Release|Any CPU.ActiveCfg = Release|Any CPU
		{C868C7B5-35CD-45A1-A5D1-D498868B9576}.Release|Any CPU.Build.0 = Release|Any CPU
		{C868C7B5-35CD-45A1-A5D1-D498868B9576}.Release|x64.ActiveCfg = Release|Any CPU
		{C868C7B5-35CD-45A1-A5D1-D498868B9576}.Release|x64.Build.0 = Release|Any CPU
		{C868C7B5-35CD-45A1-A5D1-D498868B9576}.Release|x86.ActiveCfg = Release|Any CPU
		{C868C7B5-35CD-45A1-A5D1-D498868B9576}.Release|x86.Build.0 = Release|Any CPU
		{A77E1947-6BE3-463D-8804-6657A69661EF}.2019|Any CPU.ActiveCfg = Release
		{A77E1947-6BE3-463D-8804-6657A69661EF}.2019|Any CPU.Build.0 = Release
		{A77E1947-6BE3-463D-8804-6657A69661EF}.2019|x64.ActiveCfg = 2018
		{A77E1947-6BE3-463D-8804-6657A69661EF}.2019|x64.Build.0 = 2018
		{A77E1947-6BE3-463D-8804-6657A69661EF}.2019|x86.ActiveCfg = 2018
		{A77E1947-6BE3-463D-8804-6657A69661EF}.2019|x86.Build.0 = 2018
		{A77E1947-6BE3-463D-8804-6657A69661EF}.2020|Any CPU.ActiveCfg = Release
		{A77E1947-6BE3-463D-8804-6657A69661EF}.2020|Any CPU.Build.0 = Release
		{A77E1947-6BE3-463D-8804-6657A69661EF}.2020|x64.ActiveCfg = 2018
		{A77E1947-6BE3-463D-8804-6657A69661EF}.2020|x64.Build.0 = 2018
		{A77E1947-6BE3-463D-8804-6657A69661EF}.2020|x86.ActiveCfg = 2018
		{A77E1947-6BE3-463D-8804-6657A69661EF}.2020|x86.Build.0 = 2018
		{A77E1947-6BE3-463D-8804-6657A69661EF}.Debug|Any CPU.ActiveCfg = Debug
		{A77E1947-6BE3-463D-8804-6657A69661EF}.Debug|x64.ActiveCfg = Debug
		{A77E1947-6BE3-463D-8804-6657A69661EF}.Debug|x86.ActiveCfg = Debug
		{A77E1947-6BE3-463D-8804-6657A69661EF}.Release|Any CPU.ActiveCfg = Release
		{A77E1947-6BE3-463D-8804-6657A69661EF}.Release|x64.ActiveCfg = Release
		{A77E1947-6BE3-463D-8804-6657A69661EF}.Release|x86.ActiveCfg = Release
		{950CCF31-E25E-4DC5-9D32-BEE341627E19}.2019|Any CPU.ActiveCfg = 2019|Any CPU
		{950CCF31-E25E-4DC5-9D32-BEE341627E19}.2019|Any CPU.Build.0 = 2019|Any CPU
		{950CCF31-E25E-4DC5-9D32-BEE341627E19}.2019|x64.ActiveCfg = 2019|Any CPU
		{950CCF31-E25E-4DC5-9D32-BEE341627E19}.2019|x64.Build.0 = 2019|Any CPU
		{950CCF31-E25E-4DC5-9D32-BEE341627E19}.2019|x86.ActiveCfg = 2019|Any CPU
		{950CCF31-E25E-4DC5-9D32-BEE341627E19}.2019|x86.Build.0 = 2019|Any CPU
		{950CCF31-E25E-4DC5-9D32-BEE341627E19}.2020|Any CPU.ActiveCfg = 2020|Any CPU
		{950CCF31-E25E-4DC5-9D32-BEE341627E19}.2020|Any CPU.Build.0 = 2020|Any CPU
		{950CCF31-E25E-4DC5-9D32-BEE341627E19}.2020|x64.ActiveCfg = 2019|Any CPU
		{950CCF31-E25E-4DC5-9D32-BEE341627E19}.2020|x64.Build.0 = 2019|Any CPU
		{950CCF31-E25E-4DC5-9D32-BEE341627E19}.2020|x86.ActiveCfg = 2019|Any CPU
		{950CCF31-E25E-4DC5-9D32-BEE341627E19}.2020|x86.Build.0 = 2019|Any CPU
		{950CCF31-E25E-4DC5-9D32-BEE341627E19}.Debug|Any CPU.ActiveCfg = Debug|Any CPU
		{950CCF31-E25E-4DC5-9D32-BEE341627E19}.Debug|Any CPU.Build.0 = Debug|Any CPU
		{950CCF31-E25E-4DC5-9D32-BEE341627E19}.Debug|x64.ActiveCfg = Debug|Any CPU
		{950CCF31-E25E-4DC5-9D32-BEE341627E19}.Debug|x64.Build.0 = Debug|Any CPU
		{950CCF31-E25E-4DC5-9D32-BEE341627E19}.Debug|x86.ActiveCfg = Debug|Any CPU
		{950CCF31-E25E-4DC5-9D32-BEE341627E19}.Debug|x86.Build.0 = Debug|Any CPU
		{950CCF31-E25E-4DC5-9D32-BEE341627E19}.Release|Any CPU.ActiveCfg = Release|Any CPU
		{950CCF31-E25E-4DC5-9D32-BEE341627E19}.Release|Any CPU.Build.0 = Release|Any CPU
		{950CCF31-E25E-4DC5-9D32-BEE341627E19}.Release|x64.ActiveCfg = Release|Any CPU
		{950CCF31-E25E-4DC5-9D32-BEE341627E19}.Release|x64.Build.0 = Release|Any CPU
		{950CCF31-E25E-4DC5-9D32-BEE341627E19}.Release|x86.ActiveCfg = Release|Any CPU
		{950CCF31-E25E-4DC5-9D32-BEE341627E19}.Release|x86.Build.0 = Release|Any CPU
		{0D4EE4F1-1496-49DD-A60C-E8B65189FBF4}.2019|Any CPU.ActiveCfg = 2019|Any CPU
		{0D4EE4F1-1496-49DD-A60C-E8B65189FBF4}.2019|Any CPU.Build.0 = 2019|Any CPU
		{0D4EE4F1-1496-49DD-A60C-E8B65189FBF4}.2019|x64.ActiveCfg = 2019|Any CPU
		{0D4EE4F1-1496-49DD-A60C-E8B65189FBF4}.2019|x64.Build.0 = 2019|Any CPU
		{0D4EE4F1-1496-49DD-A60C-E8B65189FBF4}.2019|x86.ActiveCfg = 2019|Any CPU
		{0D4EE4F1-1496-49DD-A60C-E8B65189FBF4}.2019|x86.Build.0 = 2019|Any CPU
		{0D4EE4F1-1496-49DD-A60C-E8B65189FBF4}.2020|Any CPU.ActiveCfg = 2020|Any CPU
		{0D4EE4F1-1496-49DD-A60C-E8B65189FBF4}.2020|Any CPU.Build.0 = 2020|Any CPU
		{0D4EE4F1-1496-49DD-A60C-E8B65189FBF4}.2020|x64.ActiveCfg = 2019|Any CPU
		{0D4EE4F1-1496-49DD-A60C-E8B65189FBF4}.2020|x64.Build.0 = 2019|Any CPU
		{0D4EE4F1-1496-49DD-A60C-E8B65189FBF4}.2020|x86.ActiveCfg = 2019|Any CPU
		{0D4EE4F1-1496-49DD-A60C-E8B65189FBF4}.2020|x86.Build.0 = 2019|Any CPU
		{0D4EE4F1-1496-49DD-A60C-E8B65189FBF4}.Debug|Any CPU.ActiveCfg = Debug|Any CPU
		{0D4EE4F1-1496-49DD-A60C-E8B65189FBF4}.Debug|Any CPU.Build.0 = Debug|Any CPU
		{0D4EE4F1-1496-49DD-A60C-E8B65189FBF4}.Debug|x64.ActiveCfg = Debug|Any CPU
		{0D4EE4F1-1496-49DD-A60C-E8B65189FBF4}.Debug|x64.Build.0 = Debug|Any CPU
		{0D4EE4F1-1496-49DD-A60C-E8B65189FBF4}.Debug|x86.ActiveCfg = Debug|Any CPU
		{0D4EE4F1-1496-49DD-A60C-E8B65189FBF4}.Debug|x86.Build.0 = Debug|Any CPU
		{0D4EE4F1-1496-49DD-A60C-E8B65189FBF4}.Release|Any CPU.ActiveCfg = Release|Any CPU
		{0D4EE4F1-1496-49DD-A60C-E8B65189FBF4}.Release|Any CPU.Build.0 = Release|Any CPU
		{0D4EE4F1-1496-49DD-A60C-E8B65189FBF4}.Release|x64.ActiveCfg = Release|Any CPU
		{0D4EE4F1-1496-49DD-A60C-E8B65189FBF4}.Release|x64.Build.0 = Release|Any CPU
		{0D4EE4F1-1496-49DD-A60C-E8B65189FBF4}.Release|x86.ActiveCfg = Release|Any CPU
		{0D4EE4F1-1496-49DD-A60C-E8B65189FBF4}.Release|x86.Build.0 = Release|Any CPU
		{FA837037-A69A-47C9-9531-E0BB781B3CCF}.2019|Any CPU.ActiveCfg = 2019|Any CPU
		{FA837037-A69A-47C9-9531-E0BB781B3CCF}.2019|Any CPU.Build.0 = 2019|Any CPU
		{FA837037-A69A-47C9-9531-E0BB781B3CCF}.2019|x64.ActiveCfg = 2019|Any CPU
		{FA837037-A69A-47C9-9531-E0BB781B3CCF}.2019|x64.Build.0 = 2019|Any CPU
		{FA837037-A69A-47C9-9531-E0BB781B3CCF}.2019|x86.ActiveCfg = 2019|Any CPU
		{FA837037-A69A-47C9-9531-E0BB781B3CCF}.2019|x86.Build.0 = 2019|Any CPU
		{FA837037-A69A-47C9-9531-E0BB781B3CCF}.2020|Any CPU.ActiveCfg = 2020|Any CPU
		{FA837037-A69A-47C9-9531-E0BB781B3CCF}.2020|Any CPU.Build.0 = 2020|Any CPU
		{FA837037-A69A-47C9-9531-E0BB781B3CCF}.2020|x64.ActiveCfg = 2019|Any CPU
		{FA837037-A69A-47C9-9531-E0BB781B3CCF}.2020|x64.Build.0 = 2019|Any CPU
		{FA837037-A69A-47C9-9531-E0BB781B3CCF}.2020|x86.ActiveCfg = 2019|Any CPU
		{FA837037-A69A-47C9-9531-E0BB781B3CCF}.2020|x86.Build.0 = 2019|Any CPU
		{FA837037-A69A-47C9-9531-E0BB781B3CCF}.Debug|Any CPU.ActiveCfg = Debug|Any CPU
		{FA837037-A69A-47C9-9531-E0BB781B3CCF}.Debug|Any CPU.Build.0 = Debug|Any CPU
		{FA837037-A69A-47C9-9531-E0BB781B3CCF}.Debug|x64.ActiveCfg = Debug|Any CPU
		{FA837037-A69A-47C9-9531-E0BB781B3CCF}.Debug|x64.Build.0 = Debug|Any CPU
		{FA837037-A69A-47C9-9531-E0BB781B3CCF}.Debug|x86.ActiveCfg = Debug|Any CPU
		{FA837037-A69A-47C9-9531-E0BB781B3CCF}.Debug|x86.Build.0 = Debug|Any CPU
		{FA837037-A69A-47C9-9531-E0BB781B3CCF}.Release|Any CPU.ActiveCfg = Release|Any CPU
		{FA837037-A69A-47C9-9531-E0BB781B3CCF}.Release|Any CPU.Build.0 = Release|Any CPU
		{FA837037-A69A-47C9-9531-E0BB781B3CCF}.Release|x64.ActiveCfg = Release|Any CPU
		{FA837037-A69A-47C9-9531-E0BB781B3CCF}.Release|x64.Build.0 = Release|Any CPU
		{FA837037-A69A-47C9-9531-E0BB781B3CCF}.Release|x86.ActiveCfg = Release|Any CPU
		{FA837037-A69A-47C9-9531-E0BB781B3CCF}.Release|x86.Build.0 = Release|Any CPU
		{F2339A1B-29D3-4053-8CE8-6046FDBC968F}.2019|Any CPU.ActiveCfg = 2019|Any CPU
		{F2339A1B-29D3-4053-8CE8-6046FDBC968F}.2019|Any CPU.Build.0 = 2019|Any CPU
		{F2339A1B-29D3-4053-8CE8-6046FDBC968F}.2019|x64.ActiveCfg = 2019|Any CPU
		{F2339A1B-29D3-4053-8CE8-6046FDBC968F}.2019|x64.Build.0 = 2019|Any CPU
		{F2339A1B-29D3-4053-8CE8-6046FDBC968F}.2019|x86.ActiveCfg = 2019|Any CPU
		{F2339A1B-29D3-4053-8CE8-6046FDBC968F}.2019|x86.Build.0 = 2019|Any CPU
		{F2339A1B-29D3-4053-8CE8-6046FDBC968F}.2020|Any CPU.ActiveCfg = 2020|Any CPU
		{F2339A1B-29D3-4053-8CE8-6046FDBC968F}.2020|Any CPU.Build.0 = 2020|Any CPU
		{F2339A1B-29D3-4053-8CE8-6046FDBC968F}.2020|x64.ActiveCfg = 2019|Any CPU
		{F2339A1B-29D3-4053-8CE8-6046FDBC968F}.2020|x64.Build.0 = 2019|Any CPU
		{F2339A1B-29D3-4053-8CE8-6046FDBC968F}.2020|x86.ActiveCfg = 2019|Any CPU
		{F2339A1B-29D3-4053-8CE8-6046FDBC968F}.2020|x86.Build.0 = 2019|Any CPU
		{F2339A1B-29D3-4053-8CE8-6046FDBC968F}.Debug|Any CPU.ActiveCfg = Debug|Any CPU
		{F2339A1B-29D3-4053-8CE8-6046FDBC968F}.Debug|Any CPU.Build.0 = Debug|Any CPU
		{F2339A1B-29D3-4053-8CE8-6046FDBC968F}.Debug|x64.ActiveCfg = Debug|Any CPU
		{F2339A1B-29D3-4053-8CE8-6046FDBC968F}.Debug|x64.Build.0 = Debug|Any CPU
		{F2339A1B-29D3-4053-8CE8-6046FDBC968F}.Debug|x86.ActiveCfg = Debug|Any CPU
		{F2339A1B-29D3-4053-8CE8-6046FDBC968F}.Debug|x86.Build.0 = Debug|Any CPU
		{F2339A1B-29D3-4053-8CE8-6046FDBC968F}.Release|Any CPU.ActiveCfg = Release|Any CPU
		{F2339A1B-29D3-4053-8CE8-6046FDBC968F}.Release|Any CPU.Build.0 = Release|Any CPU
		{F2339A1B-29D3-4053-8CE8-6046FDBC968F}.Release|x64.ActiveCfg = Release|Any CPU
		{F2339A1B-29D3-4053-8CE8-6046FDBC968F}.Release|x64.Build.0 = Release|Any CPU
		{F2339A1B-29D3-4053-8CE8-6046FDBC968F}.Release|x86.ActiveCfg = Release|Any CPU
		{F2339A1B-29D3-4053-8CE8-6046FDBC968F}.Release|x86.Build.0 = Release|Any CPU
		{10DF0410-31CA-403A-B388-FC66599679B8}.2019|Any CPU.ActiveCfg = Release
		{10DF0410-31CA-403A-B388-FC66599679B8}.2019|Any CPU.Build.0 = Release
		{10DF0410-31CA-403A-B388-FC66599679B8}.2019|x64.ActiveCfg = 2018
		{10DF0410-31CA-403A-B388-FC66599679B8}.2019|x64.Build.0 = 2018
		{10DF0410-31CA-403A-B388-FC66599679B8}.2019|x86.ActiveCfg = 2018
		{10DF0410-31CA-403A-B388-FC66599679B8}.2019|x86.Build.0 = 2018
		{10DF0410-31CA-403A-B388-FC66599679B8}.2020|Any CPU.ActiveCfg = Release
		{10DF0410-31CA-403A-B388-FC66599679B8}.2020|Any CPU.Build.0 = Release
		{10DF0410-31CA-403A-B388-FC66599679B8}.2020|x64.ActiveCfg = 2018
		{10DF0410-31CA-403A-B388-FC66599679B8}.2020|x64.Build.0 = 2018
		{10DF0410-31CA-403A-B388-FC66599679B8}.2020|x86.ActiveCfg = 2018
		{10DF0410-31CA-403A-B388-FC66599679B8}.2020|x86.Build.0 = 2018
		{10DF0410-31CA-403A-B388-FC66599679B8}.Debug|Any CPU.ActiveCfg = Debug
		{10DF0410-31CA-403A-B388-FC66599679B8}.Debug|x64.ActiveCfg = Debug
		{10DF0410-31CA-403A-B388-FC66599679B8}.Debug|x86.ActiveCfg = Debug
		{10DF0410-31CA-403A-B388-FC66599679B8}.Release|Any CPU.ActiveCfg = Release
		{10DF0410-31CA-403A-B388-FC66599679B8}.Release|x64.ActiveCfg = Release
		{10DF0410-31CA-403A-B388-FC66599679B8}.Release|x86.ActiveCfg = Release
	EndGlobalSection
	GlobalSection(SolutionProperties) = preSolution
		HideSolutionNode = FALSE
	EndGlobalSection
EndGlobal
